{
  "name": "nodejs",
  "lockfileVersion": 3,
  "requires": true,
  "packages": {
    "": {
      "dependencies": {
        "audit": "file:../../../models/audit.js",
        "budget": "file:../../../models/budget.js",
        "contract": "file:../../../models/contract.js",
        "crudRoutes": "file:../../../routes/crudRoutes.js",
        "databaseModify": "file:../../../js/databaseModify.js",
        "dateUtils": "file:../../../js/dateUtils.js",
        "employee": "file:../../../models/employee.js",
        "employee-sensitive": "file:../../../models/employee-sensitive.js",
        "expense": "file:../../../models/expense.js",
        "expenseRoutes": "file:../../../routes/expenseRoutes.js",
        "expenseType": "file:../../../models/expenseType.js",
        "GetUserInfoMiddleware": "file:../../../js/GetUserInfoMiddleware.js",
        "Logger": "file:../../../js/Logger.js",
        "tag": "file:../../../models/tag.js",
        "trainingUrls": "file:../../../models/trainingUrls.js",
        "utils": "file:../../../js/utils.js"
      }
    },
    "../../../js/databaseModify.js": {},
    "../../../js/dateUtils.js": {},
    "../../../js/GetUserInfoMiddleware.js": {},
    "../../../js/Logger.js": {},
    "../../../js/utils.js": {},
    "../../../models/audit.js": {},
    "../../../models/budget.js": {},
    "../../../models/contract.js": {},
    "../../../models/employee-sensitive.js": {},
    "../../../models/employee.js": {},
    "../../../models/expense.js": {},
    "../../../models/expenseType.js": {},
    "../../../models/tag.js": {},
    "../../../models/trainingUrls.js": {},
    "../../../routes/crudRoutes": {
      "extraneous": true
    },
    "../../../routes/crudRoutes.js": {},
    "../../../routes/expenseRoutes": {
      "extraneous": true
    },
    "../../../routes/expenseRoutes.js": {},
    "node_modules/audit": {
      "resolved": "../../../models/audit.js",
      "link": true
    },
    "node_modules/budget": {
      "resolved": "../../../models/budget.js",
      "link": true
    },
    "node_modules/contract": {
      "resolved": "../../../models/contract.js",
      "link": true
    },
    "node_modules/crudRoutes": {
      "resolved": "../../../routes/crudRoutes.js",
      "link": true
    },
    "node_modules/databaseModify": {
      "resolved": "../../../js/databaseModify.js",
      "link": true
    },
    "node_modules/dateUtils": {
      "resolved": "../../../js/dateUtils.js",
      "link": true
    },
    "node_modules/employee": {
      "resolved": "../../../models/employee.js",
      "link": true
    },
    "node_modules/employee-sensitive": {
      "resolved": "../../../models/employee-sensitive.js",
      "link": true
    },
    "node_modules/expense": {
      "resolved": "../../../models/expense.js",
      "link": true
    },
    "node_modules/expenseRoutes": {
      "resolved": "../../../routes/expenseRoutes.js",
      "link": true
    },
    "node_modules/expenseType": {
      "resolved": "../../../models/expenseType.js",
      "link": true
    },
    "node_modules/GetUserInfoMiddleware": {
      "resolved": "../../../js/GetUserInfoMiddleware.js",
      "link": true
    },
    "node_modules/Logger": {
      "resolved": "../../../js/Logger.js",
      "link": true
    },
    "node_modules/tag": {
      "resolved": "../../../models/tag.js",
      "link": true
    },
    "node_modules/trainingUrls": {
      "resolved": "../../../models/trainingUrls.js",
      "link": true
    },
    "node_modules/utils": {
      "resolved": "../../../js/utils.js",
      "link": true
    }
  }
}
